
Microsoft Visual Studio Solution File, Format Version 12.00
# Visual Studio Version 16
VisualStudioVersion = 16.0.29926.136
MinimumVisualStudioVersion = 10.0.40219.1
Project("{FAE04EC0-301F-11D3-BF4B-00C04F79EFBC}") = "TAREA_DECORADOR", "TAREA_DECORADOR\TAREA_DECORADOR.csproj", "{82D13FAB-D79D-4110-9F4E-3B5EE54214FA}"
EndProject
Global
	GlobalSection(SolutionConfigurationPlatforms) = preSolution
		Debug|Any CPU = Debug|Any CPU
		Release|Any CPU = Release|Any CPU
	EndGlobalSection
	GlobalSection(ProjectConfigurationPlatforms) = postSolution
		{82D13FAB-D79D-4110-9F4E-3B5EE54214FA}.Debug|Any CPU.ActiveCfg = Debug|Any CPU
		{82D13FAB-D79D-4110-9F4E-3B5EE54214FA}.Debug|Any CPU.Build.0 = Debug|Any CPU
		{82D13FAB-D79D-4110-9F4E-3B5EE54214FA}.Release|Any CPU.ActiveCfg = Release|Any CPU
		{82D13FAB-D79D-4110-9F4E-3B5EE54214FA}.Release|Any CPU.Build.0 = Release|Any CPU
	EndGlobalSection
	GlobalSection(SolutionProperties) = preSolution
		HideSolutionNode = FALSE
	EndGlobalSection
	GlobalSection(ExtensibilityGlobals) = postSolution
		SolutionGuid = {A8CCA85F-18E8-4095-9467-EB7A32ED0B26}
	EndGlobalSection
EndGlobal
